
Microsoft Visual Studio Solution File, Format Version 12.00
# Visual Studio Version 17
VisualStudioVersion = 17.8.34408.163
MinimumVisualStudioVersion = 10.0.40219.1
Project("{FAE04EC0-301F-11D3-BF4B-00C04F79EFBC}") = "UrlShorterCreater", "UrlShorterCreater.csproj", "{E64D9279-9D53-4D13-A227-1F9298428562}"
EndProject
Global
	GlobalSection(SolutionConfigurationPlatforms) = preSolution
		Debug|Any CPU = Debug|Any CPU
		Release|Any CPU = Release|Any CPU
	EndGlobalSection
	GlobalSection(ProjectConfigurationPlatforms) = postSolution
		{E64D9279-9D53-4D13-A227-1F9298428562}.Debug|Any CPU.ActiveCfg = Debug|Any CPU
		{E64D9279-9D53-4D13-A227-1F9298428562}.Debug|Any CPU.Build.0 = Debug|Any CPU
		{E64D9279-9D53-4D13-A227-1F9298428562}.Release|Any CPU.ActiveCfg = Release|Any CPU
		{E64D9279-9D53-4D13-A227-1F9298428562}.Release|Any CPU.Build.0 = Release|Any CPU
	EndGlobalSection
	GlobalSection(SolutionProperties) = preSolution
		HideSolutionNode = FALSE
	EndGlobalSection
	GlobalSection(ExtensibilityGlobals) = postSolution
		SolutionGuid = {90FA3613-52AA-4929-9BD3-51FBF3544E79}
	EndGlobalSection
EndGlobal
